
Microsoft Visual Studio Solution File, Format Version 12.00
# Visual Studio Version 17
VisualStudioVersion = 17.11.35327.3
MinimumVisualStudioVersion = 10.0.40219.1
Project("{9A19103F-16F7-4668-BE54-9A1E7A4F7556}") = "GmadExplorer", "GmadExplorer\GmadExplorer.csproj", "{FB012E8A-ADAD-424A-A3F0-8B855418FDEA}"
EndProject
Project("{9A19103F-16F7-4668-BE54-9A1E7A4F7556}") = "SharpGMad", "SharpGMad\SharpGMad.csproj", "{A1796BFA-2C13-4D31-B267-F1179492BF05}"
EndProject
Project("{FAE04EC0-301F-11D3-BF4B-00C04F79EFBC}") = "ConsoleApp1", "ConsoleApp1\ConsoleApp1.csproj", "{5A1FF408-388B-498E-8CAE-D1628EA99388}"
EndProject
Global
	GlobalSection(SolutionConfigurationPlatforms) = preSolution
		Debug|Any CPU = Debug|Any CPU
		Release|Any CPU = Release|Any CPU
	EndGlobalSection
	GlobalSection(ProjectConfigurationPlatforms) = postSolution
		{FB012E8A-ADAD-424A-A3F0-8B855418FDEA}.Debug|Any CPU.ActiveCfg = Debug|Any CPU
		{FB012E8A-ADAD-424A-A3F0-8B855418FDEA}.Debug|Any CPU.Build.0 = Debug|Any CPU
		{FB012E8A-ADAD-424A-A3F0-8B855418FDEA}.Release|Any CPU.ActiveCfg = Release|Any CPU
		{FB012E8A-ADAD-424A-A3F0-8B855418FDEA}.Release|Any CPU.Build.0 = Release|Any CPU
		{A1796BFA-2C13-4D31-B267-F1179492BF05}.Debug|Any CPU.ActiveCfg = Debug|Any CPU
		{A1796BFA-2C13-4D31-B267-F1179492BF05}.Debug|Any CPU.Build.0 = Debug|Any CPU
		{A1796BFA-2C13-4D31-B267-F1179492BF05}.Release|Any CPU.ActiveCfg = Release|Any CPU
		{A1796BFA-2C13-4D31-B267-F1179492BF05}.Release|Any CPU.Build.0 = Release|Any CPU
		{5A1FF408-388B-498E-8CAE-D1628EA99388}.Debug|Any CPU.ActiveCfg = Debug|Any CPU
		{5A1FF408-388B-498E-8CAE-D1628EA99388}.Debug|Any CPU.Build.0 = Debug|Any CPU
		{5A1FF408-388B-498E-8CAE-D1628EA99388}.Release|Any CPU.ActiveCfg = Release|Any CPU
		{5A1FF408-388B-498E-8CAE-D1628EA99388}.Release|Any CPU.Build.0 = Release|Any CPU
	EndGlobalSection
	GlobalSection(SolutionProperties) = preSolution
		HideSolutionNode = FALSE
	EndGlobalSection
	GlobalSection(ExtensibilityGlobals) = postSolution
		SolutionGuid = {00EB1DA7-1159-4537-8193-A9587CC5FDAA}
	EndGlobalSection
EndGlobal
